
Microsoft Visual Studio Solution File, Format Version 12.00
# Visual Studio Version 17
VisualStudioVersion = 17.3.32804.467
MinimumVisualStudioVersion = 10.0.40219.1
Project("{2150E333-8FDC-42A3-9474-1A3956D46DE8}") = "src", "src", "{8DBC23F7-5B69-477D-9AFF-665D0F020A42}"
EndProject
Project("{2150E333-8FDC-42A3-9474-1A3956D46DE8}") = "Solution Items", "Solution Items", "{C2417D0D-861E-45D9-B5E0-B2C0D5C431EE}"
	ProjectSection(SolutionItems) = preProject
		ServiceUrls.txt = ServiceUrls.txt
	EndProjectSection
EndProject
Project("{2150E333-8FDC-42A3-9474-1A3956D46DE8}") = "BuildingBlocks", "BuildingBlocks", "{56E7E1D9-5DD8-4C4A-94C1-B2EAF31B3995}"
EndProject
Project("{2150E333-8FDC-42A3-9474-1A3956D46DE8}") = "Services", "Services", "{96290256-B947-4C36-8919-73A161F707DC}"
EndProject
Project("{2150E333-8FDC-42A3-9474-1A3956D46DE8}") = "Clients", "Clients", "{BA581D79-4C99-48BC-B624-97997449BD68}"
EndProject
Project("{2150E333-8FDC-42A3-9474-1A3956D46DE8}") = "APIGateways", "APIGateways", "{DBE6674A-9DC7-4365-BD15-94A72CDA0346}"
EndProject
Project("{2150E333-8FDC-42A3-9474-1A3956D46DE8}") = "WebAPIGateway", "WebAPIGateway", "{C4E5AFF8-380D-4CDE-9F01-AF2A567F57A5}"
EndProject
Project("{FAE04EC0-301F-11D3-BF4B-00C04F79EFBC}") = "Web.APIGateway", "src\APIGateway\WebAPIGateway\Web.APIGateway\Web.APIGateway.csproj", "{7E3871C9-AAEF-4DF1-9A07-03541CAB9012}"
EndProject
Project("{2150E333-8FDC-42A3-9474-1A3956D46DE8}") = "EventBus", "EventBus", "{451F86A4-6EED-4459-BA8E-D6FB7C156A7D}"
EndProject
Project("{FAE04EC0-301F-11D3-BF4B-00C04F79EFBC}") = "EventBus.Base", "src\BuildingBlocks\EventBus\EventBus.Base\EventBus.Base.csproj", "{662402FD-1205-4A47-B825-46C0C7FEF704}"
EndProject
Project("{FAE04EC0-301F-11D3-BF4B-00C04F79EFBC}") = "EventBus.Factory", "src\BuildingBlocks\EventBus\EventBus.Factory\EventBus.Factory.csproj", "{1915712E-A205-43E8-AA67-4BA8ED782DCC}"
EndProject
Project("{FAE04EC0-301F-11D3-BF4B-00C04F79EFBC}") = "EventBus.AzureServiceBus", "src\BuildingBlocks\EventBus\EventBus.AzureServiceBus\EventBus.AzureServiceBus.csproj", "{94B14B4B-3B4A-46DD-924C-580793CEB758}"
EndProject
Project("{FAE04EC0-301F-11D3-BF4B-00C04F79EFBC}") = "EventBus.RabbitMQ", "src\BuildingBlocks\EventBus\EventBus.RabbitMQ\EventBus.RabbitMQ.csproj", "{3E1BDA74-0815-4F26-90CE-D465C2004FC6}"
EndProject
Project("{2150E333-8FDC-42A3-9474-1A3956D46DE8}") = "BlazorWebApp", "BlazorWebApp", "{B8DBAAEC-B470-4C70-B59C-D62436054ABA}"
EndProject
Project("{FAE04EC0-301F-11D3-BF4B-00C04F79EFBC}") = "WebApp", "src\Clients\BlazorWebApp\WebApp\WebApp.csproj", "{8D2C9A2A-82F0-4D3D-97BF-5CA6DBC2D84D}"
EndProject
Project("{2150E333-8FDC-42A3-9474-1A3956D46DE8}") = "BasketService", "BasketService", "{1E6FD4AD-1B74-4C91-8053-0217B2B86996}"
EndProject
Project("{FAE04EC0-301F-11D3-BF4B-00C04F79EFBC}") = "BasketService.API", "src\Services\BasketService\BasketService.API\BasketService.API.csproj", "{4E57DF85-14F4-4F5B-BA9D-6690B98C8D28}"
EndProject
Project("{2150E333-8FDC-42A3-9474-1A3956D46DE8}") = "CatalogService", "CatalogService", "{AFA025B6-9B12-40FC-9274-733B3E0385A7}"
EndProject
Project("{FAE04EC0-301F-11D3-BF4B-00C04F79EFBC}") = "CatalogService.API", "src\Services\CatalogService\CatalogService.API\CatalogService.API.csproj", "{32C5C5D9-FFD8-4F79-8ED5-1B366B8B1AC6}"
EndProject
Project("{2150E333-8FDC-42A3-9474-1A3956D46DE8}") = "IdentityService", "IdentityService", "{1218FCF5-B929-499F-B9AB-6AC5A098B5ED}"
EndProject
Project("{FAE04EC0-301F-11D3-BF4B-00C04F79EFBC}") = "IdentityService.API", "src\Services\IdentityService\IdentityService.API\IdentityService.API.csproj", "{F13C27A3-E6CD-4F50-ADA3-7E2AF2958B82}"
EndProject
Project("{2150E333-8FDC-42A3-9474-1A3956D46DE8}") = "NotificationService", "NotificationService", "{6D79654A-1F0C-492E-A37A-0F5FDD79C4F9}"
EndProject
Project("{FAE04EC0-301F-11D3-BF4B-00C04F79EFBC}") = "NotificationService", "src\Services\NotificationService\NotificationService\NotificationService.csproj", "{3A1D5536-0A6C-473F-AC58-0BC6FA0B3F78}"
EndProject
Project("{2150E333-8FDC-42A3-9474-1A3956D46DE8}") = "OrderService", "OrderService", "{7680071F-0DD2-4805-84B3-672C5B8808FE}"
EndProject
Project("{FAE04EC0-301F-11D3-BF4B-00C04F79EFBC}") = "OrderService.Domain", "src\Services\OrderService\OrderService.Domain\OrderService.Domain.csproj", "{37B2BDA0-659C-419D-BEBB-E16200782AB9}"
EndProject
Project("{FAE04EC0-301F-11D3-BF4B-00C04F79EFBC}") = "OrderService.Application", "src\Services\OrderService\OrderService.Application\OrderService.Application.csproj", "{F0B207DC-A0A5-4B7C-A176-030C3EF5E466}"
EndProject
Project("{FAE04EC0-301F-11D3-BF4B-00C04F79EFBC}") = "OrderService.Infrastructure", "src\Services\OrderService\OrderService.Infrastructure\OrderService.Infrastructure.csproj", "{F35E4139-BD66-46D1-B5FD-4A177121DB4A}"
EndProject
Project("{FAE04EC0-301F-11D3-BF4B-00C04F79EFBC}") = "OrderService.API", "src\Services\OrderService\OrderService.API\OrderService.API.csproj", "{C557049F-BC16-4CB7-AB24-81E854D501AF}"
EndProject
Project("{2150E333-8FDC-42A3-9474-1A3956D46DE8}") = "PaymentService", "PaymentService", "{86755956-50FF-44E6-A196-0C2E7B2CBAFA}"
EndProject
Project("{FAE04EC0-301F-11D3-BF4B-00C04F79EFBC}") = "PaymentService.API", "src\Services\PaymentService\PaymentService.API\PaymentService.API.csproj", "{86F1C709-F943-42D0-95E7-2BA02AED665D}"
EndProject
Global
	GlobalSection(SolutionConfigurationPlatforms) = preSolution
		Debug|Any CPU = Debug|Any CPU
		Release|Any CPU = Release|Any CPU
	EndGlobalSection
	GlobalSection(ProjectConfigurationPlatforms) = postSolution
		{7E3871C9-AAEF-4DF1-9A07-03541CAB9012}.Debug|Any CPU.ActiveCfg = Debug|Any CPU
		{7E3871C9-AAEF-4DF1-9A07-03541CAB9012}.Debug|Any CPU.Build.0 = Debug|Any CPU
		{7E3871C9-AAEF-4DF1-9A07-03541CAB9012}.Release|Any CPU.ActiveCfg = Release|Any CPU
		{7E3871C9-AAEF-4DF1-9A07-03541CAB9012}.Release|Any CPU.Build.0 = Release|Any CPU
		{662402FD-1205-4A47-B825-46C0C7FEF704}.Debug|Any CPU.ActiveCfg = Debug|Any CPU
		{662402FD-1205-4A47-B825-46C0C7FEF704}.Debug|Any CPU.Build.0 = Debug|Any CPU
		{662402FD-1205-4A47-B825-46C0C7FEF704}.Release|Any CPU.ActiveCfg = Release|Any CPU
		{662402FD-1205-4A47-B825-46C0C7FEF704}.Release|Any CPU.Build.0 = Release|Any CPU
		{1915712E-A205-43E8-AA67-4BA8ED782DCC}.Debug|Any CPU.ActiveCfg = Debug|Any CPU
		{1915712E-A205-43E8-AA67-4BA8ED782DCC}.Debug|Any CPU.Build.0 = Debug|Any CPU
		{1915712E-A205-43E8-AA67-4BA8ED782DCC}.Release|Any CPU.ActiveCfg = Release|Any CPU
		{1915712E-A205-43E8-AA67-4BA8ED782DCC}.Release|Any CPU.Build.0 = Release|Any CPU
		{94B14B4B-3B4A-46DD-924C-580793CEB758}.Debug|Any CPU.ActiveCfg = Debug|Any CPU
		{94B14B4B-3B4A-46DD-924C-580793CEB758}.Debug|Any CPU.Build.0 = Debug|Any CPU
		{94B14B4B-3B4A-46DD-924C-580793CEB758}.Release|Any CPU.ActiveCfg = Release|Any CPU
		{94B14B4B-3B4A-46DD-924C-580793CEB758}.Release|Any CPU.Build.0 = Release|Any CPU
		{3E1BDA74-0815-4F26-90CE-D465C2004FC6}.Debug|Any CPU.ActiveCfg = Debug|Any CPU
		{3E1BDA74-0815-4F26-90CE-D465C2004FC6}.Debug|Any CPU.Build.0 = Debug|Any CPU
		{3E1BDA74-0815-4F26-90CE-D465C2004FC6}.Release|Any CPU.ActiveCfg = Release|Any CPU
		{3E1BDA74-0815-4F26-90CE-D465C2004FC6}.Release|Any CPU.Build.0 = Release|Any CPU
		{8D2C9A2A-82F0-4D3D-97BF-5CA6DBC2D84D}.Debug|Any CPU.ActiveCfg = Debug|Any CPU
		{8D2C9A2A-82F0-4D3D-97BF-5CA6DBC2D84D}.Debug|Any CPU.Build.0 = Debug|Any CPU
		{8D2C9A2A-82F0-4D3D-97BF-5CA6DBC2D84D}.Release|Any CPU.ActiveCfg = Release|Any CPU
		{8D2C9A2A-82F0-4D3D-97BF-5CA6DBC2D84D}.Release|Any CPU.Build.0 = Release|Any CPU
		{4E57DF85-14F4-4F5B-BA9D-6690B98C8D28}.Debug|Any CPU.ActiveCfg = Debug|Any CPU
		{4E57DF85-14F4-4F5B-BA9D-6690B98C8D28}.Debug|Any CPU.Build.0 = Debug|Any CPU
		{4E57DF85-14F4-4F5B-BA9D-6690B98C8D28}.Release|Any CPU.ActiveCfg = Release|Any CPU
		{4E57DF85-14F4-4F5B-BA9D-6690B98C8D28}.Release|Any CPU.Build.0 = Release|Any CPU
		{32C5C5D9-FFD8-4F79-8ED5-1B366B8B1AC6}.Debug|Any CPU.ActiveCfg = Debug|Any CPU
		{32C5C5D9-FFD8-4F79-8ED5-1B366B8B1AC6}.Debug|Any CPU.Build.0 = Debug|Any CPU
		{32C5C5D9-FFD8-4F79-8ED5-1B366B8B1AC6}.Release|Any CPU.ActiveCfg = Release|Any CPU
		{32C5C5D9-FFD8-4F79-8ED5-1B366B8B1AC6}.Release|Any CPU.Build.0 = Release|Any CPU
		{F13C27A3-E6CD-4F50-ADA3-7E2AF2958B82}.Debug|Any CPU.ActiveCfg = Debug|Any CPU
		{F13C27A3-E6CD-4F50-ADA3-7E2AF2958B82}.Debug|Any CPU.Build.0 = Debug|Any CPU
		{F13C27A3-E6CD-4F50-ADA3-7E2AF2958B82}.Release|Any CPU.ActiveCfg = Release|Any CPU
		{F13C27A3-E6CD-4F50-ADA3-7E2AF2958B82}.Release|Any CPU.Build.0 = Release|Any CPU
		{3A1D5536-0A6C-473F-AC58-0BC6FA0B3F78}.Debug|Any CPU.ActiveCfg = Debug|Any CPU
		{3A1D5536-0A6C-473F-AC58-0BC6FA0B3F78}.Debug|Any CPU.Build.0 = Debug|Any CPU
		{3A1D5536-0A6C-473F-AC58-0BC6FA0B3F78}.Release|Any CPU.ActiveCfg = Release|Any CPU
		{3A1D5536-0A6C-473F-AC58-0BC6FA0B3F78}.Release|Any CPU.Build.0 = Release|Any CPU
		{37B2BDA0-659C-419D-BEBB-E16200782AB9}.Debug|Any CPU.ActiveCfg = Debug|Any CPU
		{37B2BDA0-659C-419D-BEBB-E16200782AB9}.Debug|Any CPU.Build.0 = Debug|Any CPU
		{37B2BDA0-659C-419D-BEBB-E16200782AB9}.Release|Any CPU.ActiveCfg = Release|Any CPU
		{37B2BDA0-659C-419D-BEBB-E16200782AB9}.Release|Any CPU.Build.0 = Release|Any CPU
		{F0B207DC-A0A5-4B7C-A176-030C3EF5E466}.Debug|Any CPU.ActiveCfg = Debug|Any CPU
		{F0B207DC-A0A5-4B7C-A176-030C3EF5E466}.Debug|Any CPU.Build.0 = Debug|Any CPU
		{F0B207DC-A0A5-4B7C-A176-030C3EF5E466}.Release|Any CPU.ActiveCfg = Release|Any CPU
		{F0B207DC-A0A5-4B7C-A176-030C3EF5E466}.Release|Any CPU.Build.0 = Release|Any CPU
		{F35E4139-BD66-46D1-B5FD-4A177121DB4A}.Debug|Any CPU.ActiveCfg = Debug|Any CPU
		{F35E4139-BD66-46D1-B5FD-4A177121DB4A}.Debug|Any CPU.Build.0 = Debug|Any CPU
		{F35E4139-BD66-46D1-B5FD-4A177121DB4A}.Release|Any CPU.ActiveCfg = Release|Any CPU
		{F35E4139-BD66-46D1-B5FD-4A177121DB4A}.Release|Any CPU.Build.0 = Release|Any CPU
		{C557049F-BC16-4CB7-AB24-81E854D501AF}.Debug|Any CPU.ActiveCfg = Debug|Any CPU
		{C557049F-BC16-4CB7-AB24-81E854D501AF}.Debug|Any CPU.Build.0 = Debug|Any CPU
		{C557049F-BC16-4CB7-AB24-81E854D501AF}.Release|Any CPU.ActiveCfg = Release|Any CPU
		{C557049F-BC16-4CB7-AB24-81E854D501AF}.Release|Any CPU.Build.0 = Release|Any CPU
		{86F1C709-F943-42D0-95E7-2BA02AED665D}.Debug|Any CPU.ActiveCfg = Debug|Any CPU
		{86F1C709-F943-42D0-95E7-2BA02AED665D}.Debug|Any CPU.Build.0 = Debug|Any CPU
		{86F1C709-F943-42D0-95E7-2BA02AED665D}.Release|Any CPU.ActiveCfg = Release|Any CPU
		{86F1C709-F943-42D0-95E7-2BA02AED665D}.Release|Any CPU.Build.0 = Release|Any CPU
	EndGlobalSection
	GlobalSection(SolutionProperties) = preSolution
		HideSolutionNode = FALSE
	EndGlobalSection
	GlobalSection(NestedProjects) = preSolution
		{56E7E1D9-5DD8-4C4A-94C1-B2EAF31B3995} = {8DBC23F7-5B69-477D-9AFF-665D0F020A42}
		{96290256-B947-4C36-8919-73A161F707DC} = {8DBC23F7-5B69-477D-9AFF-665D0F020A42}
		{BA581D79-4C99-48BC-B624-97997449BD68} = {8DBC23F7-5B69-477D-9AFF-665D0F020A42}
		{DBE6674A-9DC7-4365-BD15-94A72CDA0346} = {8DBC23F7-5B69-477D-9AFF-665D0F020A42}
		{C4E5AFF8-380D-4CDE-9F01-AF2A567F57A5} = {DBE6674A-9DC7-4365-BD15-94A72CDA0346}
		{7E3871C9-AAEF-4DF1-9A07-03541CAB9012} = {C4E5AFF8-380D-4CDE-9F01-AF2A567F57A5}
		{451F86A4-6EED-4459-BA8E-D6FB7C156A7D} = {56E7E1D9-5DD8-4C4A-94C1-B2EAF31B3995}
		{662402FD-1205-4A47-B825-46C0C7FEF704} = {451F86A4-6EED-4459-BA8E-D6FB7C156A7D}
		{1915712E-A205-43E8-AA67-4BA8ED782DCC} = {451F86A4-6EED-4459-BA8E-D6FB7C156A7D}
		{94B14B4B-3B4A-46DD-924C-580793CEB758} = {451F86A4-6EED-4459-BA8E-D6FB7C156A7D}
		{3E1BDA74-0815-4F26-90CE-D465C2004FC6} = {451F86A4-6EED-4459-BA8E-D6FB7C156A7D}
		{B8DBAAEC-B470-4C70-B59C-D62436054ABA} = {BA581D79-4C99-48BC-B624-97997449BD68}
		{8D2C9A2A-82F0-4D3D-97BF-5CA6DBC2D84D} = {B8DBAAEC-B470-4C70-B59C-D62436054ABA}
		{1E6FD4AD-1B74-4C91-8053-0217B2B86996} = {96290256-B947-4C36-8919-73A161F707DC}
		{4E57DF85-14F4-4F5B-BA9D-6690B98C8D28} = {1E6FD4AD-1B74-4C91-8053-0217B2B86996}
		{AFA025B6-9B12-40FC-9274-733B3E0385A7} = {96290256-B947-4C36-8919-73A161F707DC}
		{32C5C5D9-FFD8-4F79-8ED5-1B366B8B1AC6} = {AFA025B6-9B12-40FC-9274-733B3E0385A7}
		{1218FCF5-B929-499F-B9AB-6AC5A098B5ED} = {96290256-B947-4C36-8919-73A161F707DC}
		{F13C27A3-E6CD-4F50-ADA3-7E2AF2958B82} = {1218FCF5-B929-499F-B9AB-6AC5A098B5ED}
		{6D79654A-1F0C-492E-A37A-0F5FDD79C4F9} = {96290256-B947-4C36-8919-73A161F707DC}
		{3A1D5536-0A6C-473F-AC58-0BC6FA0B3F78} = {6D79654A-1F0C-492E-A37A-0F5FDD79C4F9}
		{7680071F-0DD2-4805-84B3-672C5B8808FE} = {96290256-B947-4C36-8919-73A161F707DC}
		{37B2BDA0-659C-419D-BEBB-E16200782AB9} = {7680071F-0DD2-4805-84B3-672C5B8808FE}
		{F0B207DC-A0A5-4B7C-A176-030C3EF5E466} = {7680071F-0DD2-4805-84B3-672C5B8808FE}
		{F35E4139-BD66-46D1-B5FD-4A177121DB4A} = {7680071F-0DD2-4805-84B3-672C5B8808FE}
		{C557049F-BC16-4CB7-AB24-81E854D501AF} = {7680071F-0DD2-4805-84B3-672C5B8808FE}
		{86755956-50FF-44E6-A196-0C2E7B2CBAFA} = {96290256-B947-4C36-8919-73A161F707DC}
		{86F1C709-F943-42D0-95E7-2BA02AED665D} = {86755956-50FF-44E6-A196-0C2E7B2CBAFA}
	EndGlobalSection
	GlobalSection(ExtensibilityGlobals) = postSolution
		SolutionGuid = {DED379B6-C6E0-49B6-B4C0-70A9B5452494}
	EndGlobalSection
EndGlobal
